// !$*UTF8*$!
{
	archiveVersion = 1;
	classes = {
	};
	objectVersion = 46;
	objects = {

/* Begin PBXBuildFile section */
		B927E09FD1824500A043E368 /* libPods-ocunitTests.a in Frameworks */ = {isa = PBXBuildFile; fileRef = D236E060741E4278A6E9D2DA /* libPods-ocunitTests.a */; };
		DA760C1A182C174E00B73F87 /* SenTestingKit.framework in Frameworks */ = {isa = PBXBuildFile; fileRef = DA760C19182C174E00B73F87 /* SenTestingKit.framework */; };
		DA760C1B182C174E00B73F87 /* Foundation.framework in Frameworks */ = {isa = PBXBuildFile; fileRef = DAA6C295182ADE6C0059C102 /* Foundation.framework */; };
		DA760C1C182C174E00B73F87 /* UIKit.framework in Frameworks */ = {isa = PBXBuildFile; fileRef = DAA6C299182ADE6C0059C102 /* UIKit.framework */; };
		DA760C22182C174E00B73F87 /* InfoPlist.strings in Resources */ = {isa = PBXBuildFile; fileRef = DA760C20182C174E00B73F87 /* InfoPlist.strings */; };
		DA760C2D182C189700B73F87 /* PTKTestCase.m in Sources */ = {isa = PBXBuildFile; fileRef = DA760C2C182C189700B73F87 /* PTKTestCase.m */; };
		DA760C2F182C18D800B73F87 /* sample-data.json in Resources */ = {isa = PBXBuildFile; fileRef = DA760C2E182C18D800B73F87 /* sample-data.json */; };
		DA760C32182C262300B73F87 /* PTKOutlineExample.m in Sources */ = {isa = PBXBuildFile; fileRef = DA760C31182C262300B73F87 /* PTKOutlineExample.m */; };
		DA760C35182C2C0900B73F87 /* PTKDetailTests.m in Sources */ = {isa = PBXBuildFile; fileRef = DA760C34182C2C0900B73F87 /* PTKDetailTests.m */; };
		DAA6C296182ADE6C0059C102 /* Foundation.framework in Frameworks */ = {isa = PBXBuildFile; fileRef = DAA6C295182ADE6C0059C102 /* Foundation.framework */; };
		DAA6C298182ADE6C0059C102 /* CoreGraphics.framework in Frameworks */ = {isa = PBXBuildFile; fileRef = DAA6C297182ADE6C0059C102 /* CoreGraphics.framework */; };
		DAA6C29A182ADE6C0059C102 /* UIKit.framework in Frameworks */ = {isa = PBXBuildFile; fileRef = DAA6C299182ADE6C0059C102 /* UIKit.framework */; };
		DAA6C2A0182ADE6C0059C102 /* InfoPlist.strings in Resources */ = {isa = PBXBuildFile; fileRef = DAA6C29E182ADE6C0059C102 /* InfoPlist.strings */; };
		DAA6C2A2182ADE6C0059C102 /* main.m in Sources */ = {isa = PBXBuildFile; fileRef = DAA6C2A1182ADE6C0059C102 /* main.m */; };
		DAA6C2A6182ADE6C0059C102 /* PTKAppDelegate.m in Sources */ = {isa = PBXBuildFile; fileRef = DAA6C2A5182ADE6C0059C102 /* PTKAppDelegate.m */; };
		DAA6C2A9182ADE6C0059C102 /* Main.storyboard in Resources */ = {isa = PBXBuildFile; fileRef = DAA6C2A7182ADE6C0059C102 /* Main.storyboard */; };
		DAA6C2AC182ADE6C0059C102 /* PTKMasterViewController.m in Sources */ = {isa = PBXBuildFile; fileRef = DAA6C2AB182ADE6C0059C102 /* PTKMasterViewController.m */; };
		DAA6C2AF182ADE6C0059C102 /* PTKDetailViewController.m in Sources */ = {isa = PBXBuildFile; fileRef = DAA6C2AE182ADE6C0059C102 /* PTKDetailViewController.m */; };
		DAA6C2B1182ADE6C0059C102 /* Images.xcassets in Resources */ = {isa = PBXBuildFile; fileRef = DAA6C2B0182ADE6C0059C102 /* Images.xcassets */; };
		DAA6C2B8182ADE6C0059C102 /* XCTest.framework in Frameworks */ = {isa = PBXBuildFile; fileRef = DAA6C2B7182ADE6C0059C102 /* XCTest.framework */; };
		DAA6C2B9182ADE6C0059C102 /* Foundation.framework in Frameworks */ = {isa = PBXBuildFile; fileRef = DAA6C295182ADE6C0059C102 /* Foundation.framework */; };
		DAA6C2BA182ADE6C0059C102 /* UIKit.framework in Frameworks */ = {isa = PBXBuildFile; fileRef = DAA6C299182ADE6C0059C102 /* UIKit.framework */; };
		DAA6C2C2182ADE6C0059C102 /* InfoPlist.strings in Resources */ = {isa = PBXBuildFile; fileRef = DAA6C2C0182ADE6C0059C102 /* InfoPlist.strings */; };
/* End PBXBuildFile section */

/* Begin PBXContainerItemProxy section */
		DA760C26182C174E00B73F87 /* PBXContainerItemProxy */ = {
			isa = PBXContainerItemProxy;
			containerPortal = DAA6C28A182ADE6C0059C102 /* Project object */;
			proxyType = 1;
			remoteGlobalIDString = DAA6C291182ADE6C0059C102;
			remoteInfo = PTKTestKit;
		};
		DAA6C2BB182ADE6C0059C102 /* PBXContainerItemProxy */ = {
			isa = PBXContainerItemProxy;
			containerPortal = DAA6C28A182ADE6C0059C102 /* Project object */;
			proxyType = 1;
			remoteGlobalIDString = DAA6C291182ADE6C0059C102;
			remoteInfo = PTKTestKit;
		};
/* End PBXContainerItemProxy section */

/* Begin PBXFileReference section */
		48A86777BB724981B9ABED55 /* Pods-ocunitTests.xcconfig */ = {isa = PBXFileReference; includeInIndex = 1; lastKnownFileType = text.xcconfig; name = "Pods-ocunitTests.xcconfig"; path = "Pods/Pods-ocunitTests.xcconfig"; sourceTree = "<group>"; };
		D236E060741E4278A6E9D2DA /* libPods-ocunitTests.a */ = {isa = PBXFileReference; explicitFileType = archive.ar; includeInIndex = 0; path = "libPods-ocunitTests.a"; sourceTree = BUILT_PRODUCTS_DIR; };
		DA760C18182C174E00B73F87 /* PTKTestKitOCUnitTests.octest */ = {isa = PBXFileReference; explicitFileType = wrapper.cfbundle; includeInIndex = 0; path = PTKTestKitOCUnitTests.octest; sourceTree = BUILT_PRODUCTS_DIR; };
		DA760C19182C174E00B73F87 /* SenTestingKit.framework */ = {isa = PBXFileReference; lastKnownFileType = wrapper.framework; name = SenTestingKit.framework; path = Library/Frameworks/SenTestingKit.framework; sourceTree = DEVELOPER_DIR; };
		DA760C1F182C174E00B73F87 /* PTKTestKitOCUnitTests-Info.plist */ = {isa = PBXFileReference; lastKnownFileType = text.plist.xml; path = "PTKTestKitOCUnitTests-Info.plist"; sourceTree = "<group>"; };
		DA760C21182C174E00B73F87 /* en */ = {isa = PBXFileReference; lastKnownFileType = text.plist.strings; name = en; path = en.lproj/InfoPlist.strings; sourceTree = "<group>"; };
		DA760C25182C174E00B73F87 /* PTKTestKitOCUnitTests-Prefix.pch */ = {isa = PBXFileReference; lastKnownFileType = sourcecode.c.h; path = "PTKTestKitOCUnitTests-Prefix.pch"; sourceTree = "<group>"; };
		DA760C2B182C189700B73F87 /* PTKTestCase.h */ = {isa = PBXFileReference; fileEncoding = 4; lastKnownFileType = sourcecode.c.h; path = PTKTestCase.h; sourceTree = "<group>"; };
		DA760C2C182C189700B73F87 /* PTKTestCase.m */ = {isa = PBXFileReference; fileEncoding = 4; lastKnownFileType = sourcecode.c.objc; path = PTKTestCase.m; sourceTree = "<group>"; };
		DA760C2E182C18D800B73F87 /* sample-data.json */ = {isa = PBXFileReference; fileEncoding = 4; lastKnownFileType = text.json; path = "sample-data.json"; sourceTree = "<group>"; };
		DA760C30182C262300B73F87 /* PTKOutlineExample.h */ = {isa = PBXFileReference; fileEncoding = 4; lastKnownFileType = sourcecode.c.h; path = PTKOutlineExample.h; sourceTree = "<group>"; };
		DA760C31182C262300B73F87 /* PTKOutlineExample.m */ = {isa = PBXFileReference; fileEncoding = 4; lastKnownFileType = sourcecode.c.objc; path = PTKOutlineExample.m; sourceTree = "<group>"; };
		DA760C33182C2C0900B73F87 /* PTKDetailTests.h */ = {isa = PBXFileReference; fileEncoding = 4; lastKnownFileType = sourcecode.c.h; path = PTKDetailTests.h; sourceTree = "<group>"; };
		DA760C34182C2C0900B73F87 /* PTKDetailTests.m */ = {isa = PBXFileReference; fileEncoding = 4; lastKnownFileType = sourcecode.c.objc; path = PTKDetailTests.m; sourceTree = "<group>"; };
		DAA6C292182ADE6C0059C102 /* PTKTestKit.app */ = {isa = PBXFileReference; explicitFileType = wrapper.application; includeInIndex = 0; path = PTKTestKit.app; sourceTree = BUILT_PRODUCTS_DIR; };
		DAA6C295182ADE6C0059C102 /* Foundation.framework */ = {isa = PBXFileReference; lastKnownFileType = wrapper.framework; name = Foundation.framework; path = System/Library/Frameworks/Foundation.framework; sourceTree = SDKROOT; };
		DAA6C297182ADE6C0059C102 /* CoreGraphics.framework */ = {isa = PBXFileReference; lastKnownFileType = wrapper.framework; name = CoreGraphics.framework; path = System/Library/Frameworks/CoreGraphics.framework; sourceTree = SDKROOT; };
		DAA6C299182ADE6C0059C102 /* UIKit.framework */ = {isa = PBXFileReference; lastKnownFileType = wrapper.framework; name = UIKit.framework; path = System/Library/Frameworks/UIKit.framework; sourceTree = SDKROOT; };
		DAA6C29D182ADE6C0059C102 /* PTKTestKit-Info.plist */ = {isa = PBXFileReference; lastKnownFileType = text.plist.xml; path = "PTKTestKit-Info.plist"; sourceTree = "<group>"; };
		DAA6C29F182ADE6C0059C102 /* en */ = {isa = PBXFileReference; lastKnownFileType = text.plist.strings; name = en; path = en.lproj/InfoPlist.strings; sourceTree = "<group>"; };
		DAA6C2A1182ADE6C0059C102 /* main.m */ = {isa = PBXFileReference; lastKnownFileType = sourcecode.c.objc; path = main.m; sourceTree = "<group>"; };
		DAA6C2A3182ADE6C0059C102 /* PTKTestKit-Prefix.pch */ = {isa = PBXFileReference; lastKnownFileType = sourcecode.c.h; path = "PTKTestKit-Prefix.pch"; sourceTree = "<group>"; };
		DAA6C2A4182ADE6C0059C102 /* PTKAppDelegate.h */ = {isa = PBXFileReference; lastKnownFileType = sourcecode.c.h; path = PTKAppDelegate.h; sourceTree = "<group>"; };
		DAA6C2A5182ADE6C0059C102 /* PTKAppDelegate.m */ = {isa = PBXFileReference; lastKnownFileType = sourcecode.c.objc; path = PTKAppDelegate.m; sourceTree = "<group>"; };
		DAA6C2A8182ADE6C0059C102 /* Base */ = {isa = PBXFileReference; lastKnownFileType = file.storyboard; name = Base; path = Base.lproj/Main.storyboard; sourceTree = "<group>"; };
		DAA6C2AA182ADE6C0059C102 /* PTKMasterViewController.h */ = {isa = PBXFileReference; lastKnownFileType = sourcecode.c.h; path = PTKMasterViewController.h; sourceTree = "<group>"; };
		DAA6C2AB182ADE6C0059C102 /* PTKMasterViewController.m */ = {isa = PBXFileReference; lastKnownFileType = sourcecode.c.objc; path = PTKMasterViewController.m; sourceTree = "<group>"; };
		DAA6C2AD182ADE6C0059C102 /* PTKDetailViewController.h */ = {isa = PBXFileReference; lastKnownFileType = sourcecode.c.h; path = PTKDetailViewController.h; sourceTree = "<group>"; };
		DAA6C2AE182ADE6C0059C102 /* PTKDetailViewController.m */ = {isa = PBXFileReference; lastKnownFileType = sourcecode.c.objc; path = PTKDetailViewController.m; sourceTree = "<group>"; };
		DAA6C2B0182ADE6C0059C102 /* Images.xcassets */ = {isa = PBXFileReference; lastKnownFileType = folder.assetcatalog; path = Images.xcassets; sourceTree = "<group>"; };
		DAA6C2B6182ADE6C0059C102 /* PTKTestKitTests.xctest */ = {isa = PBXFileReference; explicitFileType = wrapper.cfbundle; includeInIndex = 0; path = PTKTestKitTests.xctest; sourceTree = BUILT_PRODUCTS_DIR; };
		DAA6C2B7182ADE6C0059C102 /* XCTest.framework */ = {isa = PBXFileReference; lastKnownFileType = wrapper.framework; name = XCTest.framework; path = Library/Frameworks/XCTest.framework; sourceTree = DEVELOPER_DIR; };
		DAA6C2BF182ADE6C0059C102 /* PTKTestKitTests-Info.plist */ = {isa = PBXFileReference; lastKnownFileType = text.plist.xml; path = "PTKTestKitTests-Info.plist"; sourceTree = "<group>"; };
		DAA6C2C1182ADE6C0059C102 /* en */ = {isa = PBXFileReference; lastKnownFileType = text.plist.strings; name = en; path = en.lproj/InfoPlist.strings; sourceTree = "<group>"; };
/* End PBXFileReference section */

/* Begin PBXFrameworksBuildPhase section */
		DA760C15182C174E00B73F87 /* Frameworks */ = {
			isa = PBXFrameworksBuildPhase;
			buildActionMask = 2147483647;
			files = (
				DA760C1A182C174E00B73F87 /* SenTestingKit.framework in Frameworks */,
				DA760C1C182C174E00B73F87 /* UIKit.framework in Frameworks */,
				DA760C1B182C174E00B73F87 /* Foundation.framework in Frameworks */,
				B927E09FD1824500A043E368 /* libPods-ocunitTests.a in Frameworks */,
			);
			runOnlyForDeploymentPostprocessing = 0;
		};
		DAA6C28F182ADE6C0059C102 /* Frameworks */ = {
			isa = PBXFrameworksBuildPhase;
			buildActionMask = 2147483647;
			files = (
				DAA6C298182ADE6C0059C102 /* CoreGraphics.framework in Frameworks */,
				DAA6C29A182ADE6C0059C102 /* UIKit.framework in Frameworks */,
				DAA6C296182ADE6C0059C102 /* Foundation.framework in Frameworks */,
			);
			runOnlyForDeploymentPostprocessing = 0;
		};
		DAA6C2B3182ADE6C0059C102 /* Frameworks */ = {
			isa = PBXFrameworksBuildPhase;
			buildActionMask = 2147483647;
			files = (
				DAA6C2B8182ADE6C0059C102 /* XCTest.framework in Frameworks */,
				DAA6C2BA182ADE6C0059C102 /* UIKit.framework in Frameworks */,
				DAA6C2B9182ADE6C0059C102 /* Foundation.framework in Frameworks */,
			);
			runOnlyForDeploymentPostprocessing = 0;
		};
/* End PBXFrameworksBuildPhase section */

/* Begin PBXGroup section */
		DA760C1D182C174E00B73F87 /* PTKTestKitOCUnitTests */ = {
			isa = PBXGroup;
			children = (
				DA760C1E182C174E00B73F87 /* Supporting Files */,
				DA760C2B182C189700B73F87 /* PTKTestCase.h */,
				DA760C2C182C189700B73F87 /* PTKTestCase.m */,
				DA760C30182C262300B73F87 /* PTKOutlineExample.h */,
				DA760C31182C262300B73F87 /* PTKOutlineExample.m */,
				DA760C33182C2C0900B73F87 /* PTKDetailTests.h */,
				DA760C34182C2C0900B73F87 /* PTKDetailTests.m */,
			);
			path = PTKTestKitOCUnitTests;
			sourceTree = "<group>";
		};
		DA760C1E182C174E00B73F87 /* Supporting Files */ = {
			isa = PBXGroup;
			children = (
				DA760C1F182C174E00B73F87 /* PTKTestKitOCUnitTests-Info.plist */,
				DA760C20182C174E00B73F87 /* InfoPlist.strings */,
				DA760C25182C174E00B73F87 /* PTKTestKitOCUnitTests-Prefix.pch */,
			);
			name = "Supporting Files";
			sourceTree = "<group>";
		};
		DAA6C289182ADE6C0059C102 = {
			isa = PBXGroup;
			children = (
				DAA6C29B182ADE6C0059C102 /* PTKTestKit */,
				DAA6C2BD182ADE6C0059C102 /* PTKTestKitTests */,
				DA760C1D182C174E00B73F87 /* PTKTestKitOCUnitTests */,
				DAA6C294182ADE6C0059C102 /* Frameworks */,
				DAA6C293182ADE6C0059C102 /* Products */,
				48A86777BB724981B9ABED55 /* Pods-ocunitTests.xcconfig */,
			);
			sourceTree = "<group>";
		};
		DAA6C293182ADE6C0059C102 /* Products */ = {
			isa = PBXGroup;
			children = (
				DAA6C292182ADE6C0059C102 /* PTKTestKit.app */,
				DAA6C2B6182ADE6C0059C102 /* PTKTestKitTests.xctest */,
				DA760C18182C174E00B73F87 /* PTKTestKitOCUnitTests.octest */,
			);
			name = Products;
			sourceTree = "<group>";
		};
		DAA6C294182ADE6C0059C102 /* Frameworks */ = {
			isa = PBXGroup;
			children = (
				DAA6C295182ADE6C0059C102 /* Foundation.framework */,
				DAA6C297182ADE6C0059C102 /* CoreGraphics.framework */,
				DAA6C299182ADE6C0059C102 /* UIKit.framework */,
				DAA6C2B7182ADE6C0059C102 /* XCTest.framework */,
				DA760C19182C174E00B73F87 /* SenTestingKit.framework */,
				D236E060741E4278A6E9D2DA /* libPods-ocunitTests.a */,
			);
			name = Frameworks;
			sourceTree = "<group>";
		};
		DAA6C29B182ADE6C0059C102 /* PTKTestKit */ = {
			isa = PBXGroup;
			children = (
				DAA6C2A4182ADE6C0059C102 /* PTKAppDelegate.h */,
				DAA6C2A5182ADE6C0059C102 /* PTKAppDelegate.m */,
				DAA6C2A7182ADE6C0059C102 /* Main.storyboard */,
				DAA6C2AA182ADE6C0059C102 /* PTKMasterViewController.h */,
				DAA6C2AB182ADE6C0059C102 /* PTKMasterViewController.m */,
				DAA6C2AD182ADE6C0059C102 /* PTKDetailViewController.h */,
				DAA6C2AE182ADE6C0059C102 /* PTKDetailViewController.m */,
				DAA6C2B0182ADE6C0059C102 /* Images.xcassets */,
				DAA6C29C182ADE6C0059C102 /* Supporting Files */,
			);
			path = PTKTestKit;
			sourceTree = "<group>";
		};
		DAA6C29C182ADE6C0059C102 /* Supporting Files */ = {
			isa = PBXGroup;
			children = (
				DAA6C29D182ADE6C0059C102 /* PTKTestKit-Info.plist */,
				DAA6C29E182ADE6C0059C102 /* InfoPlist.strings */,
				DAA6C2A1182ADE6C0059C102 /* main.m */,
				DAA6C2A3182ADE6C0059C102 /* PTKTestKit-Prefix.pch */,
				DA760C2E182C18D800B73F87 /* sample-data.json */,
			);
			name = "Supporting Files";
			sourceTree = "<group>";
		};
		DAA6C2BD182ADE6C0059C102 /* PTKTestKitTests */ = {
			isa = PBXGroup;
			children = (
				DAA6C2BE182ADE6C0059C102 /* Supporting Files */,
			);
			path = PTKTestKitTests;
			sourceTree = "<group>";
		};
		DAA6C2BE182ADE6C0059C102 /* Supporting Files */ = {
			isa = PBXGroup;
			children = (
				DAA6C2BF182ADE6C0059C102 /* PTKTestKitTests-Info.plist */,
				DAA6C2C0182ADE6C0059C102 /* InfoPlist.strings */,
			);
			name = "Supporting Files";
			sourceTree = "<group>";
		};
/* End PBXGroup section */

/* Begin PBXNativeTarget section */
		DA760C17182C174E00B73F87 /* PTKTestKitOCUnitTests */ = {
			isa = PBXNativeTarget;
			buildConfigurationList = DA760C2A182C174E00B73F87 /* Build configuration list for PBXNativeTarget "PTKTestKitOCUnitTests" */;
			buildPhases = (
				1CC9C5F5D0EF40A3B98947F8 /* Check Pods Manifest.lock */,
				DA760C14182C174E00B73F87 /* Sources */,
				DA760C15182C174E00B73F87 /* Frameworks */,
				DA760C16182C174E00B73F87 /* Resources */,
				497E50D5DA34496B969A44A2 /* Copy Pods Resources */,
			);
			buildRules = (
			);
			dependencies = (
				DA760C27182C174E00B73F87 /* PBXTargetDependency */,
			);
			name = PTKTestKitOCUnitTests;
			productName = PTKTestKitOCUnitTests;
			productReference = DA760C18182C174E00B73F87 /* PTKTestKitOCUnitTests.octest */;
			productType = "com.apple.product-type.bundle";
		};
		DAA6C291182ADE6C0059C102 /* PTKTestKit */ = {
			isa = PBXNativeTarget;
			buildConfigurationList = DAA6C2C7182ADE6C0059C102 /* Build configuration list for PBXNativeTarget "PTKTestKit" */;
			buildPhases = (
				DAA6C28E182ADE6C0059C102 /* Sources */,
				DAA6C28F182ADE6C0059C102 /* Frameworks */,
				DAA6C290182ADE6C0059C102 /* Resources */,
			);
			buildRules = (
			);
			dependencies = (
			);
			name = PTKTestKit;
			productName = PTKTestKit;
			productReference = DAA6C292182ADE6C0059C102 /* PTKTestKit.app */;
			productType = "com.apple.product-type.application";
		};
		DAA6C2B5182ADE6C0059C102 /* PTKTestKitTests */ = {
			isa = PBXNativeTarget;
			buildConfigurationList = DAA6C2CA182ADE6C0059C102 /* Build configuration list for PBXNativeTarget "PTKTestKitTests" */;
			buildPhases = (
				DAA6C2B2182ADE6C0059C102 /* Sources */,
				DAA6C2B3182ADE6C0059C102 /* Frameworks */,
				DAA6C2B4182ADE6C0059C102 /* Resources */,
			);
			buildRules = (
			);
			dependencies = (
				DAA6C2BC182ADE6C0059C102 /* PBXTargetDependency */,
			);
			name = PTKTestKitTests;
			productName = PTKTestKitTests;
			productReference = DAA6C2B6182ADE6C0059C102 /* PTKTestKitTests.xctest */;
			productType = "com.apple.product-type.bundle.unit-test";
		};
/* End PBXNativeTarget section */

/* Begin PBXProject section */
		DAA6C28A182ADE6C0059C102 /* Project object */ = {
			isa = PBXProject;
			attributes = {
				CLASSPREFIX = PTK;
				LastUpgradeCheck = 0500;
				ORGANIZATIONNAME = "Paul Pilone";
				TargetAttributes = {
					DA760C17182C174E00B73F87 = {
						TestTargetID = DAA6C291182ADE6C0059C102;
					};
					DAA6C2B5182ADE6C0059C102 = {
						TestTargetID = DAA6C291182ADE6C0059C102;
					};
				};
			};
			buildConfigurationList = DAA6C28D182ADE6C0059C102 /* Build configuration list for PBXProject "PTKTestKit" */;
			compatibilityVersion = "Xcode 3.2";
			developmentRegion = English;
			hasScannedForEncodings = 0;
			knownRegions = (
				en,
				Base,
			);
			mainGroup = DAA6C289182ADE6C0059C102;
			productRefGroup = DAA6C293182ADE6C0059C102 /* Products */;
			projectDirPath = "";
			projectRoot = "";
			targets = (
				DAA6C291182ADE6C0059C102 /* PTKTestKit */,
				DAA6C2B5182ADE6C0059C102 /* PTKTestKitTests */,
				DA760C17182C174E00B73F87 /* PTKTestKitOCUnitTests */,
			);
		};
/* End PBXProject section */

/* Begin PBXResourcesBuildPhase section */
		DA760C16182C174E00B73F87 /* Resources */ = {
			isa = PBXResourcesBuildPhase;
			buildActionMask = 2147483647;
			files = (
				DA760C22182C174E00B73F87 /* InfoPlist.strings in Resources */,
			);
			runOnlyForDeploymentPostprocessing = 0;
		};
		DAA6C290182ADE6C0059C102 /* Resources */ = {
			isa = PBXResourcesBuildPhase;
			buildActionMask = 2147483647;
			files = (
				DAA6C2B1182ADE6C0059C102 /* Images.xcassets in Resources */,
				DA760C2F182C18D800B73F87 /* sample-data.json in Resources */,
				DAA6C2A0182ADE6C0059C102 /* InfoPlist.strings in Resources */,
				DAA6C2A9182ADE6C0059C102 /* Main.storyboard in Resources */,
			);
			runOnlyForDeploymentPostprocessing = 0;
		};
		DAA6C2B4182ADE6C0059C102 /* Resources */ = {
			isa = PBXResourcesBuildPhase;
			buildActionMask = 2147483647;
			files = (
				DAA6C2C2182ADE6C0059C102 /* InfoPlist.strings in Resources */,
			);
			runOnlyForDeploymentPostprocessing = 0;
		};
/* End PBXResourcesBuildPhase section */

/* Begin PBXShellScriptBuildPhase section */
		1CC9C5F5D0EF40A3B98947F8 /* Check Pods Manifest.lock */ = {
			isa = PBXShellScriptBuildPhase;
			buildActionMask = 2147483647;
			files = (
			);
			inputPaths = (
			);
			name = "Check Pods Manifest.lock";
			outputPaths = (
			);
			runOnlyForDeploymentPostprocessing = 0;
			shellPath = /bin/sh;
			shellScript = "diff \"${PODS_ROOT}/../Podfile.lock\" \"${PODS_ROOT}/Manifest.lock\" > /dev/null\nif [[ $? != 0 ]] ; then\n    cat << EOM\nerror: The sandbox is not in sync with the Podfile.lock. Run 'pod install' or update your CocoaPods installation.\nEOM\n    exit 1\nfi\n";
			showEnvVarsInLog = 0;
		};
		497E50D5DA34496B969A44A2 /* Copy Pods Resources */ = {
			isa = PBXShellScriptBuildPhase;
			buildActionMask = 2147483647;
			files = (
			);
			inputPaths = (
			);
			name = "Copy Pods Resources";
			outputPaths = (
			);
			runOnlyForDeploymentPostprocessing = 0;
			shellPath = /bin/sh;
			shellScript = "\"${SRCROOT}/Pods/Pods-ocunitTests-resources.sh\"\n";
			showEnvVarsInLog = 0;
		};
/* End PBXShellScriptBuildPhase section */

/* Begin PBXSourcesBuildPhase section */
		DA760C14182C174E00B73F87 /* Sources */ = {
			isa = PBXSourcesBuildPhase;
			buildActionMask = 2147483647;
			files = (
				DA760C2D182C189700B73F87 /* PTKTestCase.m in Sources */,
				DA760C32182C262300B73F87 /* PTKOutlineExample.m in Sources */,
				DA760C35182C2C0900B73F87 /* PTKDetailTests.m in Sources */,
			);
			runOnlyForDeploymentPostprocessing = 0;
		};
		DAA6C28E182ADE6C0059C102 /* Sources */ = {
			isa = PBXSourcesBuildPhase;
			buildActionMask = 2147483647;
			files = (
				DAA6C2A6182ADE6C0059C102 /* PTKAppDelegate.m in Sources */,
				DAA6C2AF182ADE6C0059C102 /* PTKDetailViewController.m in Sources */,
				DAA6C2AC182ADE6C0059C102 /* PTKMasterViewController.m in Sources */,
				DAA6C2A2182ADE6C0059C102 /* main.m in Sources */,
			);
			runOnlyForDeploymentPostprocessing = 0;
		};
		DAA6C2B2182ADE6C0059C102 /* Sources */ = {
			isa = PBXSourcesBuildPhase;
			buildActionMask = 2147483647;
			files = (
			);
			runOnlyForDeploymentPostprocessing = 0;
		};
/* End PBXSourcesBuildPhase section */

/* Begin PBXTargetDependency section */
		DA760C27182C174E00B73F87 /* PBXTargetDependency */ = {
			isa = PBXTargetDependency;
			target = DAA6C291182ADE6C0059C102 /* PTKTestKit */;
			targetProxy = DA760C26182C174E00B73F87 /* PBXContainerItemProxy */;
		};
		DAA6C2BC182ADE6C0059C102 /* PBXTargetDependency */ = {
			isa = PBXTargetDependency;
			target = DAA6C291182ADE6C0059C102 /* PTKTestKit */;
			targetProxy = DAA6C2BB182ADE6C0059C102 /* PBXContainerItemProxy */;
		};
/* End PBXTargetDependency section */

/* Begin PBXVariantGroup section */
		DA760C20182C174E00B73F87 /* InfoPlist.strings */ = {
			isa = PBXVariantGroup;
			children = (
				DA760C21182C174E00B73F87 /* en */,
			);
			name = InfoPlist.strings;
			sourceTree = "<group>";
		};
		DAA6C29E182ADE6C0059C102 /* InfoPlist.strings */ = {
			isa = PBXVariantGroup;
			children = (
				DAA6C29F182ADE6C0059C102 /* en */,
			);
			name = InfoPlist.strings;
			sourceTree = "<group>";
		};
		DAA6C2A7182ADE6C0059C102 /* Main.storyboard */ = {
			isa = PBXVariantGroup;
			children = (
				DAA6C2A8182ADE6C0059C102 /* Base */,
			);
			name = Main.storyboard;
			sourceTree = "<group>";
		};
		DAA6C2C0182ADE6C0059C102 /* InfoPlist.strings */ = {
			isa = PBXVariantGroup;
			children = (
				DAA6C2C1182ADE6C0059C102 /* en */,
			);
			name = InfoPlist.strings;
			sourceTree = "<group>";
		};
/* End PBXVariantGroup section */

/* Begin XCBuildConfiguration section */
		DA760C28182C174E00B73F87 /* Debug */ = {
			isa = XCBuildConfiguration;
			baseConfigurationReference = 48A86777BB724981B9ABED55 /* Pods-ocunitTests.xcconfig */;
			buildSettings = {
				ARCHS = "$(ARCHS_STANDARD_INCLUDING_64_BIT)";
				BUNDLE_LOADER = "$(BUILT_PRODUCTS_DIR)/PTKTestKit.app/PTKTestKit";
				FRAMEWORK_SEARCH_PATHS = (
					"$(SDKROOT)/Developer/Library/Frameworks",
					"$(inherited)",
					"$(DEVELOPER_FRAMEWORKS_DIR)",
				);
				GCC_PRECOMPILE_PREFIX_HEADER = YES;
				GCC_PREFIX_HEADER = "PTKTestKitOCUnitTests/PTKTestKitOCUnitTests-Prefix.pch";
				GCC_PREPROCESSOR_DEFINITIONS = (
					"DEBUG=1",
					"$(inherited)",
				);
				INFOPLIST_FILE = "PTKTestKitOCUnitTests/PTKTestKitOCUnitTests-Info.plist";
				PRODUCT_NAME = "$(TARGET_NAME)";
				TEST_HOST = "$(BUNDLE_LOADER)";
				WRAPPER_EXTENSION = octest;
			};
			name = Debug;
		};
		DA760C29182C174E00B73F87 /* Release */ = {
			isa = XCBuildConfiguration;
			baseConfigurationReference = 48A86777BB724981B9ABED55 /* Pods-ocunitTests.xcconfig */;
			buildSettings = {
				ARCHS = "$(ARCHS_STANDARD_INCLUDING_64_BIT)";
				BUNDLE_LOADER = "$(BUILT_PRODUCTS_DIR)/PTKTestKit.app/PTKTestKit";
				FRAMEWORK_SEARCH_PATHS = (
					"$(SDKROOT)/Developer/Library/Frameworks",
					"$(inherited)",
					"$(DEVELOPER_FRAMEWORKS_DIR)",
				);
				GCC_PRECOMPILE_PREFIX_HEADER = YES;
				GCC_PREFIX_HEADER = "PTKTestKitOCUnitTests/PTKTestKitOCUnitTests-Prefix.pch";
				INFOPLIST_FILE = "PTKTestKitOCUnitTests/PTKTestKitOCUnitTests-Info.plist";
				PRODUCT_NAME = "$(TARGET_NAME)";
				TEST_HOST = "$(BUNDLE_LOADER)";
				WRAPPER_EXTENSION = octest;
			};
			name = Release;
		};
		DAA6C2C5182ADE6C0059C102 /* Debug */ = {
			isa = XCBuildConfiguration;
			buildSettings = {
				ALWAYS_SEARCH_USER_PATHS = NO;
				ARCHS = "$(ARCHS_STANDARD_INCLUDING_64_BIT)";
				CLANG_CXX_LANGUAGE_STANDARD = "gnu++0x";
				CLANG_CXX_LIBRARY = "libc++";
				CLANG_ENABLE_MODULES = YES;
				CLANG_ENABLE_OBJC_ARC = YES;
				CLANG_WARN_BOOL_CONVERSION = YES;
				CLANG_WARN_CONSTANT_CONVERSION = YES;
				CLANG_WARN_DIRECT_OBJC_ISA_USAGE = YES_ERROR;
				CLANG_WARN_EMPTY_BODY = YES;
				CLANG_WARN_ENUM_CONVERSION = YES;
				CLANG_WARN_INT_CONVERSION = YES;
				CLANG_WARN_OBJC_ROOT_CLASS = YES_ERROR;
				CLANG_WARN__DUPLICATE_METHOD_MATCH = YES;
				"CODE_SIGN_IDENTITY[sdk=iphoneos*]" = "iPhone Developer";
				COPY_PHASE_STRIP = NO;
				GCC_C_LANGUAGE_STANDARD = gnu99;
				GCC_DYNAMIC_NO_PIC = NO;
				GCC_OPTIMIZATION_LEVEL = 0;
				GCC_PREPROCESSOR_DEFINITIONS = (
					"DEBUG=1",
					"$(inherited)",
				);
				GCC_SYMBOLS_PRIVATE_EXTERN = NO;
				GCC_WARN_64_TO_32_BIT_CONVERSION = YES;
				GCC_WARN_ABOUT_RETURN_TYPE = YES_ERROR;
				GCC_WARN_UNDECLARED_SELECTOR = YES;
				GCC_WARN_UNINITIALIZED_AUTOS = YES;
				GCC_WARN_UNUSED_FUNCTION = YES;
				GCC_WARN_UNUSED_VARIABLE = YES;
				IPHONEOS_DEPLOYMENT_TARGET = 7.0;
				ONLY_ACTIVE_ARCH = YES;
				SDKROOT = iphoneos;
			};
			name = Debug;
		};
		DAA6C2C6182ADE6C0059C102 /* Release */ = {
			isa = XCBuildConfiguration;
			buildSettings = {
				ALWAYS_SEARCH_USER_PATHS = NO;
				ARCHS = "$(ARCHS_STANDARD_INCLUDING_64_BIT)";
				CLANG_CXX_LANGUAGE_STANDARD = "gnu++0x";
				CLANG_CXX_LIBRARY = "libc++";
				CLANG_ENABLE_MODULES = YES;
				CLANG_ENABLE_OBJC_ARC = YES;
				CLANG_WARN_BOOL_CONVERSION = YES;
				CLANG_WARN_CONSTANT_CONVERSION = YES;
				CLANG_WARN_DIRECT_OBJC_ISA_USAGE = YES_ERROR;
				CLANG_WARN_EMPTY_BODY = YES;
				CLANG_WARN_ENUM_CONVERSION = YES;
				CLANG_WARN_INT_CONVERSION = YES;
				CLANG_WARN_OBJC_ROOT_CLASS = YES_ERROR;
				CLANG_WARN__DUPLICATE_METHOD_MATCH = YES;
				"CODE_SIGN_IDENTITY[sdk=iphoneos*]" = "iPhone Developer";
				COPY_PHASE_STRIP = YES;
				ENABLE_NS_ASSERTIONS = NO;
				GCC_C_LANGUAGE_STANDARD = gnu99;
				GCC_WARN_64_TO_32_BIT_CONVERSION = YES;
				GCC_WARN_ABOUT_RETURN_TYPE = YES_ERROR;
				GCC_WARN_UNDECLARED_SELECTOR = YES;
				GCC_WARN_UNINITIALIZED_AUTOS = YES;
				GCC_WARN_UNUSED_FUNCTION = YES;
				GCC_WARN_UNUSED_VARIABLE = YES;
				IPHONEOS_DEPLOYMENT_TARGET = 7.0;
				SDKROOT = iphoneos;
				VALIDATE_PRODUCT = YES;
			};
			name = Release;
		};
		DAA6C2C8182ADE6C0059C102 /* Debug */ = {
			isa = XCBuildConfiguration;
			buildSettings = {
				ASSETCATALOG_COMPILER_APPICON_NAME = AppIcon;
				ASSETCATALOG_COMPILER_LAUNCHIMAGE_NAME = LaunchImage;
				GCC_PRECOMPILE_PREFIX_HEADER = YES;
				GCC_PREFIX_HEADER = "PTKTestKit/PTKTestKit-Prefix.pch";
				INFOPLIST_FILE = "PTKTestKit/PTKTestKit-Info.plist";
				PRODUCT_NAME = "$(TARGET_NAME)";
				WRAPPER_EXTENSION = app;
			};
			name = Debug;
		};
		DAA6C2C9182ADE6C0059C102 /* Release */ = {
			isa = XCBuildConfiguration;
			buildSettings = {
				ASSETCATALOG_COMPILER_APPICON_NAME = AppIcon;
				ASSETCATALOG_COMPILER_LAUNCHIMAGE_NAME = LaunchImage;
				GCC_PRECOMPILE_PREFIX_HEADER = YES;
				GCC_PREFIX_HEADER = "PTKTestKit/PTKTestKit-Prefix.pch";
				INFOPLIST_FILE = "PTKTestKit/PTKTestKit-Info.plist";
				PRODUCT_NAME = "$(TARGET_NAME)";
				WRAPPER_EXTENSION = app;
			};
			name = Release;
		};
		DAA6C2CB182ADE6C0059C102 /* Debug */ = {
			isa = XCBuildConfiguration;
			buildSettings = {
				ARCHS = "$(ARCHS_STANDARD_INCLUDING_64_BIT)";
				BUNDLE_LOADER = "$(BUILT_PRODUCTS_DIR)/PTKTestKit.app/PTKTestKit";
				FRAMEWORK_SEARCH_PATHS = (
					"$(SDKROOT)/Developer/Library/Frameworks",
					"$(inherited)",
					"$(DEVELOPER_FRAMEWORKS_DIR)",
				);
				GCC_PRECOMPILE_PREFIX_HEADER = YES;
				GCC_PREFIX_HEADER = "PTKTestKit/PTKTestKit-Prefix.pch";
				GCC_PREPROCESSOR_DEFINITIONS = (
					"DEBUG=1",
					"$(inherited)",
				);
				INFOPLIST_FILE = "PTKTestKitTests/PTKTestKitTests-Info.plist";
				PRODUCT_NAME = "$(TARGET_NAME)";
				TEST_HOST = "$(BUNDLE_LOADER)";
				WRAPPER_EXTENSION = xctest;
			};
			name = Debug;
		};
		DAA6C2CC182ADE6C0059C102 /* Release */ = {
			isa = XCBuildConfiguration;
			buildSettings = {
				ARCHS = "$(ARCHS_STANDARD_INCLUDING_64_BIT)";
				BUNDLE_LOADER = "$(BUILT_PRODUCTS_DIR)/PTKTestKit.app/PTKTestKit";
				FRAMEWORK_SEARCH_PATHS = (
					"$(SDKROOT)/Developer/Library/Frameworks",
					"$(inherited)",
					"$(DEVELOPER_FRAMEWORKS_DIR)",
				);
				GCC_PRECOMPILE_PREFIX_HEADER = YES;
				GCC_PREFIX_HEADER = "PTKTestKit/PTKTestKit-Prefix.pch";
				INFOPLIST_FILE = "PTKTestKitTests/PTKTestKitTests-Info.plist";
				PRODUCT_NAME = "$(TARGET_NAME)";
				TEST_HOST = "$(BUNDLE_LOADER)";
				WRAPPER_EXTENSION = xctest;
			};
			name = Release;
		};
/* End XCBuildConfiguration section */

/* Begin XCConfigurationList section */
		DA760C2A182C174E00B73F87 /* Build configuration list for PBXNativeTarget "PTKTestKitOCUnitTests" */ = {
			isa = XCConfigurationList;
			buildConfigurations = (
				DA760C28182C174E00B73F87 /* Debug */,
				DA760C29182C174E00B73F87 /* Release */,
			);
			defaultConfigurationIsVisible = 0;
			defaultConfigurationName = Release;
		};
		DAA6C28D182ADE6C0059C102 /* Build configuration list for PBXProject "PTKTestKit" */ = {
			isa = XCConfigurationList;
			buildConfigurations = (
				DAA6C2C5182ADE6C0059C102 /* Debug */,
				DAA6C2C6182ADE6C0059C102 /* Release */,
			);
			defaultConfigurationIsVisible = 0;
			defaultConfigurationName = Release;
		};
		DAA6C2C7182ADE6C0059C102 /* Build configuration list for PBXNativeTarget "PTKTestKit" */ = {
			isa = XCConfigurationList;
			buildConfigurations = (
				DAA6C2C8182ADE6C0059C102 /* Debug */,
				DAA6C2C9182ADE6C0059C102 /* Release */,
			);
			defaultConfigurationIsVisible = 0;
			defaultConfigurationName = Release;
		};
		DAA6C2CA182ADE6C0059C102 /* Build configuration list for PBXNativeTarget "PTKTestKitTests" */ = {
			isa = XCConfigurationList;
			buildConfigurations = (
				DAA6C2CB182ADE6C0059C102 /* Debug */,
				DAA6C2CC182ADE6C0059C102 /* Release */,
			);
			defaultConfigurationIsVisible = 0;
			defaultConfigurationName = Release;
		};
/* End XCConfigurationList section */
	};
	rootObject = DAA6C28A182ADE6C0059C102 /* Project object */;
}
